{
  "name": "robot-black-box-monorepo",
  "version": "0.1.0-preview.1",
  "lockfileVersion": 3,
  "requires": true,
  "packages": {
    "": {
      "name": "robot-black-box-monorepo",
      "version": "0.1.0-preview.1",
      "license": "MIT",
      "workspaces": [
        "packages/*"
      ],
      "engines": {
        "node": ">=22.23.0"
      }
    },
    "node_modules/@grc-claw/evidence": {
      "resolved": "packages/evidence",
      "link": true
    },
    "node_modules/@grc-claw/physical-ai-assurance": {
      "resolved": "packages/physical-ai-assurance",
      "link": true
    },
    "node_modules/@grc-claw/robot-black-box-adapters": {
      "resolved": "packages/robot-black-box-adapters",
      "link": true
    },
    "node_modules/@grc-claw/robot-black-box-cli": {
      "resolved": "packages/robot-black-box-cli",
      "link": true
    },
    "node_modules/@grc-claw/robot-black-box-commercial": {
      "resolved": "packages/robot-black-box-commercial",
      "link": true
    },
    "node_modules/@grc-claw/robot-black-box-contract": {
      "resolved": "packages/robot-black-box-contract",
      "link": true
    },
    "node_modules/@grc-claw/robot-black-box-governance": {
      "resolved": "packages/robot-black-box-governance",
      "link": true
    },
    "node_modules/@grc-claw/robot-black-box-grc-bridge": {
      "resolved": "packages/robot-black-box-grc-bridge",
      "link": true
    },
    "node_modules/@grc-claw/robot-black-box-policy": {
      "resolved": "packages/robot-black-box-policy",
      "link": true
    },
    "node_modules/@grc-claw/robot-black-box-recorder": {
      "resolved": "packages/robot-black-box-recorder",
      "link": true
    },
    "node_modules/@grc-claw/robot-black-box-verifier": {
      "resolved": "packages/robot-black-box-verifier",
      "link": true
    },
    "packages/evidence": {
      "name": "@grc-claw/evidence",
      "version": "0.8.0",
      "license": "MIT",
      "engines": {
        "node": ">=22.23.0"
      }
    },
    "packages/physical-ai-assurance": {
      "name": "@grc-claw/physical-ai-assurance",
      "version": "0.1.0",
      "license": "MIT",
      "engines": {
        "node": ">=22.23.0"
      }
    },
    "packages/robot-black-box-adapters": {
      "name": "@grc-claw/robot-black-box-adapters",
      "version": "0.1.0",
      "license": "MIT",
      "engines": {
        "node": ">=22.23.0"
      }
    },
    "packages/robot-black-box-cli": {
      "name": "@grc-claw/robot-black-box-cli",
      "version": "0.1.0",
      "license": "MIT",
      "bin": {
        "robot-black-box": "src/index.mjs"
      },
      "engines": {
        "node": ">=22.23.0"
      }
    },
    "packages/robot-black-box-commercial": {
      "name": "@grc-claw/robot-black-box-commercial",
      "version": "0.1.0",
      "license": "MIT",
      "engines": {
        "node": ">=22.23.0"
      }
    },
    "packages/robot-black-box-contract": {
      "name": "@grc-claw/robot-black-box-contract",
      "version": "0.1.0",
      "license": "MIT",
      "engines": {
        "node": ">=22.23.0"
      }
    },
    "packages/robot-black-box-governance": {
      "name": "@grc-claw/robot-black-box-governance",
      "version": "0.1.0",
      "license": "MIT",
      "engines": {
        "node": ">=22.23.0"
      }
    },
    "packages/robot-black-box-grc-bridge": {
      "name": "@grc-claw/robot-black-box-grc-bridge",
      "version": "0.1.0",
      "license": "MIT",
      "engines": {
        "node": ">=22.23.0"
      }
    },
    "packages/robot-black-box-policy": {
      "name": "@grc-claw/robot-black-box-policy",
      "version": "0.1.0",
      "license": "MIT",
      "engines": {
        "node": ">=22.23.0"
      }
    },
    "packages/robot-black-box-recorder": {
      "name": "@grc-claw/robot-black-box-recorder",
      "version": "0.1.0",
      "license": "MIT",
      "engines": {
        "node": ">=22.23.0"
      }
    },
    "packages/robot-black-box-verifier": {
      "name": "@grc-claw/robot-black-box-verifier",
      "version": "0.1.0",
      "license": "MIT",
      "engines": {
        "node": ">=22.23.0"
      }
    }
  }
}
